
Microsoft Visual Studio Solution File, Format Version 12.00
# Visual Studio Version 16
VisualStudioVersion = 16.0.31205.134
MinimumVisualStudioVersion = 10.0.40219.1
Project("{9A19103F-16F7-4668-BE54-9A1E7A4F7556}") = "State", "State\State.csproj", "{B14A39BF-C290-4347-A449-097C0BF0EC7C}"
EndProject
Project("{9A19103F-16F7-4668-BE54-9A1E7A4F7556}") = "ChainOfResponsibility", "ChainOfResponsibility\ChainOfResponsibility.csproj", "{E8110880-9A0F-4005-AF84-7833A9223221}"
EndProject
Project("{9A19103F-16F7-4668-BE54-9A1E7A4F7556}") = "Facade", "Facade\Facade.csproj", "{4A95FA01-AAD8-403B-AC4C-A24BD0FAEFF2}"
EndProject
Project("{9A19103F-16F7-4668-BE54-9A1E7A4F7556}") = "Adapter", "Adapter\Adapter.csproj", "{290EE2DE-B7D7-4760-B212-605A49AD2A0E}"
EndProject
Project("{9A19103F-16F7-4668-BE54-9A1E7A4F7556}") = "Singleton", "Singleton\Singleton.csproj", "{1FCD721E-A6A7-4A6C-A540-5C91AC6B72A5}"
EndProject
Project("{9A19103F-16F7-4668-BE54-9A1E7A4F7556}") = "Bridge", "Bridge\Bridge.csproj", "{93BD4F9D-CF62-484A-BAC7-7B2E36C64BF3}"
EndProject
Project("{9A19103F-16F7-4668-BE54-9A1E7A4F7556}") = "Proxy", "Proxy\Proxy.csproj", "{63707197-3A73-4DBE-9A28-68C607E58C57}"
EndProject
Project("{9A19103F-16F7-4668-BE54-9A1E7A4F7556}") = "Strategy", "Strategy\Strategy.csproj", "{459CF9AE-1C11-455E-9239-45CB44D84C3F}"
EndProject
Project("{9A19103F-16F7-4668-BE54-9A1E7A4F7556}") = "Command", "Command\Command.csproj", "{E9E1F0A8-9AEA-46C3-B52D-E5182DFDB067}"
EndProject
Project("{9A19103F-16F7-4668-BE54-9A1E7A4F7556}") = "Decorator", "Decorator\Decorator.csproj", "{A98B104F-5E06-4312-92D7-30C531A6A06F}"
EndProject
Project("{9A19103F-16F7-4668-BE54-9A1E7A4F7556}") = "Factory", "Factory\Factory.csproj", "{DD2A16DB-C0BB-4B10-A0DC-E96416EF6EDA}"
EndProject
Project("{9A19103F-16F7-4668-BE54-9A1E7A4F7556}") = "AbstractFactory", "AbstractFactory\AbstractFactory.csproj", "{2F1CCF65-B93C-41AC-80BB-553FD085C702}"
EndProject
Project("{FAE04EC0-301F-11D3-BF4B-00C04F79EFBC}") = "Flyweight", "Flyweight\Flyweight.csproj", "{B942026E-A1F9-4134-B04C-3EF5E671C1D7}"
EndProject
Global
	GlobalSection(SolutionConfigurationPlatforms) = preSolution
		Debug|Any CPU = Debug|Any CPU
		Release|Any CPU = Release|Any CPU
	EndGlobalSection
	GlobalSection(ProjectConfigurationPlatforms) = postSolution
		{B14A39BF-C290-4347-A449-097C0BF0EC7C}.Debug|Any CPU.ActiveCfg = Debug|Any CPU
		{B14A39BF-C290-4347-A449-097C0BF0EC7C}.Debug|Any CPU.Build.0 = Debug|Any CPU
		{B14A39BF-C290-4347-A449-097C0BF0EC7C}.Release|Any CPU.ActiveCfg = Release|Any CPU
		{B14A39BF-C290-4347-A449-097C0BF0EC7C}.Release|Any CPU.Build.0 = Release|Any CPU
		{E8110880-9A0F-4005-AF84-7833A9223221}.Debug|Any CPU.ActiveCfg = Debug|Any CPU
		{E8110880-9A0F-4005-AF84-7833A9223221}.Debug|Any CPU.Build.0 = Debug|Any CPU
		{E8110880-9A0F-4005-AF84-7833A9223221}.Release|Any CPU.ActiveCfg = Release|Any CPU
		{E8110880-9A0F-4005-AF84-7833A9223221}.Release|Any CPU.Build.0 = Release|Any CPU
		{4A95FA01-AAD8-403B-AC4C-A24BD0FAEFF2}.Debug|Any CPU.ActiveCfg = Debug|Any CPU
		{4A95FA01-AAD8-403B-AC4C-A24BD0FAEFF2}.Debug|Any CPU.Build.0 = Debug|Any CPU
		{4A95FA01-AAD8-403B-AC4C-A24BD0FAEFF2}.Release|Any CPU.ActiveCfg = Release|Any CPU
		{4A95FA01-AAD8-403B-AC4C-A24BD0FAEFF2}.Release|Any CPU.Build.0 = Release|Any CPU
		{290EE2DE-B7D7-4760-B212-605A49AD2A0E}.Debug|Any CPU.ActiveCfg = Debug|Any CPU
		{290EE2DE-B7D7-4760-B212-605A49AD2A0E}.Debug|Any CPU.Build.0 = Debug|Any CPU
		{290EE2DE-B7D7-4760-B212-605A49AD2A0E}.Release|Any CPU.ActiveCfg = Release|Any CPU
		{290EE2DE-B7D7-4760-B212-605A49AD2A0E}.Release|Any CPU.Build.0 = Release|Any CPU
		{1FCD721E-A6A7-4A6C-A540-5C91AC6B72A5}.Debug|Any CPU.ActiveCfg = Debug|Any CPU
		{1FCD721E-A6A7-4A6C-A540-5C91AC6B72A5}.Debug|Any CPU.Build.0 = Debug|Any CPU
		{1FCD721E-A6A7-4A6C-A540-5C91AC6B72A5}.Release|Any CPU.ActiveCfg = Release|Any CPU
		{1FCD721E-A6A7-4A6C-A540-5C91AC6B72A5}.Release|Any CPU.Build.0 = Release|Any CPU
		{93BD4F9D-CF62-484A-BAC7-7B2E36C64BF3}.Debug|Any CPU.ActiveCfg = Debug|Any CPU
		{93BD4F9D-CF62-484A-BAC7-7B2E36C64BF3}.Debug|Any CPU.Build.0 = Debug|Any CPU
		{93BD4F9D-CF62-484A-BAC7-7B2E36C64BF3}.Release|Any CPU.ActiveCfg = Release|Any CPU
		{93BD4F9D-CF62-484A-BAC7-7B2E36C64BF3}.Release|Any CPU.Build.0 = Release|Any CPU
		{63707197-3A73-4DBE-9A28-68C607E58C57}.Debug|Any CPU.ActiveCfg = Debug|Any CPU
		{63707197-3A73-4DBE-9A28-68C607E58C57}.Debug|Any CPU.Build.0 = Debug|Any CPU
		{63707197-3A73-4DBE-9A28-68C607E58C57}.Release|Any CPU.ActiveCfg = Release|Any CPU
		{63707197-3A73-4DBE-9A28-68C607E58C57}.Release|Any CPU.Build.0 = Release|Any CPU
		{459CF9AE-1C11-455E-9239-45CB44D84C3F}.Debug|Any CPU.ActiveCfg = Debug|Any CPU
		{459CF9AE-1C11-455E-9239-45CB44D84C3F}.Debug|Any CPU.Build.0 = Debug|Any CPU
		{459CF9AE-1C11-455E-9239-45CB44D84C3F}.Release|Any CPU.ActiveCfg = Release|Any CPU
		{459CF9AE-1C11-455E-9239-45CB44D84C3F}.Release|Any CPU.Build.0 = Release|Any CPU
		{E9E1F0A8-9AEA-46C3-B52D-E5182DFDB067}.Debug|Any CPU.ActiveCfg = Debug|Any CPU
		{E9E1F0A8-9AEA-46C3-B52D-E5182DFDB067}.Debug|Any CPU.Build.0 = Debug|Any CPU
		{E9E1F0A8-9AEA-46C3-B52D-E5182DFDB067}.Release|Any CPU.ActiveCfg = Release|Any CPU
		{E9E1F0A8-9AEA-46C3-B52D-E5182DFDB067}.Release|Any CPU.Build.0 = Release|Any CPU
		{A98B104F-5E06-4312-92D7-30C531A6A06F}.Debug|Any CPU.ActiveCfg = Debug|Any CPU
		{A98B104F-5E06-4312-92D7-30C531A6A06F}.Debug|Any CPU.Build.0 = Debug|Any CPU
		{A98B104F-5E06-4312-92D7-30C531A6A06F}.Release|Any CPU.ActiveCfg = Release|Any CPU
		{A98B104F-5E06-4312-92D7-30C531A6A06F}.Release|Any CPU.Build.0 = Release|Any CPU
		{DD2A16DB-C0BB-4B10-A0DC-E96416EF6EDA}.Debug|Any CPU.ActiveCfg = Debug|Any CPU
		{DD2A16DB-C0BB-4B10-A0DC-E96416EF6EDA}.Debug|Any CPU.Build.0 = Debug|Any CPU
		{DD2A16DB-C0BB-4B10-A0DC-E96416EF6EDA}.Release|Any CPU.ActiveCfg = Release|Any CPU
		{DD2A16DB-C0BB-4B10-A0DC-E96416EF6EDA}.Release|Any CPU.Build.0 = Release|Any CPU
		{2F1CCF65-B93C-41AC-80BB-553FD085C702}.Debug|Any CPU.ActiveCfg = Debug|Any CPU
		{2F1CCF65-B93C-41AC-80BB-553FD085C702}.Debug|Any CPU.Build.0 = Debug|Any CPU
		{2F1CCF65-B93C-41AC-80BB-553FD085C702}.Release|Any CPU.ActiveCfg = Release|Any CPU
		{2F1CCF65-B93C-41AC-80BB-553FD085C702}.Release|Any CPU.Build.0 = Release|Any CPU
		{B942026E-A1F9-4134-B04C-3EF5E671C1D7}.Debug|Any CPU.ActiveCfg = Debug|Any CPU
		{B942026E-A1F9-4134-B04C-3EF5E671C1D7}.Debug|Any CPU.Build.0 = Debug|Any CPU
		{B942026E-A1F9-4134-B04C-3EF5E671C1D7}.Release|Any CPU.ActiveCfg = Release|Any CPU
		{B942026E-A1F9-4134-B04C-3EF5E671C1D7}.Release|Any CPU.Build.0 = Release|Any CPU
	EndGlobalSection
	GlobalSection(SolutionProperties) = preSolution
		HideSolutionNode = FALSE
	EndGlobalSection
	GlobalSection(ExtensibilityGlobals) = postSolution
		SolutionGuid = {77A03D31-DF93-4522-8F18-72FFBA6653D6}
	EndGlobalSection
EndGlobal
