
Microsoft Visual Studio Solution File, Format Version 12.00
# Visual Studio Version 16
VisualStudioVersion = 16.0.31205.134
MinimumVisualStudioVersion = 10.0.40219.1
Project("{FAE04EC0-301F-11D3-BF4B-00C04F79EFBC}") = "DesignPatternState", "DesignPatternState\DesignPatternState.csproj", "{B14A39BF-C290-4347-A449-097C0BF0EC7C}"
EndProject
Global
	GlobalSection(SolutionConfigurationPlatforms) = preSolution
		Debug|Any CPU = Debug|Any CPU
		Release|Any CPU = Release|Any CPU
	EndGlobalSection
	GlobalSection(ProjectConfigurationPlatforms) = postSolution
		{B14A39BF-C290-4347-A449-097C0BF0EC7C}.Debug|Any CPU.ActiveCfg = Debug|Any CPU
		{B14A39BF-C290-4347-A449-097C0BF0EC7C}.Debug|Any CPU.Build.0 = Debug|Any CPU
		{B14A39BF-C290-4347-A449-097C0BF0EC7C}.Release|Any CPU.ActiveCfg = Release|Any CPU
		{B14A39BF-C290-4347-A449-097C0BF0EC7C}.Release|Any CPU.Build.0 = Release|Any CPU
	EndGlobalSection
	GlobalSection(SolutionProperties) = preSolution
		HideSolutionNode = FALSE
	EndGlobalSection
	GlobalSection(ExtensibilityGlobals) = postSolution
		SolutionGuid = {77A03D31-DF93-4522-8F18-72FFBA6653D6}
	EndGlobalSection
EndGlobal
